<?xml version="1.0" encoding="utf-8"?>
<Project ToolsVersion="17.0" xmlns="http://schemas.microsoft.com/developer/msbuild/2003">
  <ItemGroup>
    <ClCompile Include="C:\Users\gabys\OneDrive\Desktop\Programacion\PNShell\src\reverse_shell.cpp">
      <Filter>Source Files</Filter>
    </ClCompile>
  </ItemGroup>
  <ItemGroup>
    <CustomBuild Include="C:\Users\gabys\OneDrive\Desktop\Programacion\PNShell\CMakeLists.txt" />
  </ItemGroup>
  <ItemGroup>
    <Filter Include="Source Files">
      <UniqueIdentifier>{A7530537-C038-338B-B434-469729EC3B7B}</UniqueIdentifier>
    </Filter>
  </ItemGroup>
</Project>
