
Microsoft Visual Studio Solution File, Format Version 12.00
# Visual Studio Version 17
Project("{2150E333-8FDC-42A3-9474-1A3956D46DE8}") = "CMakePredefinedTargets", "CMakePredefinedTargets", "{CCFAB6AC-D001-3C4F-A212-19FCB20BB082}"
EndProject
Project("{8BC9CEB8-8B4A-11D0-8D11-00A0C91BC942}") = "ALL_BUILD", "ALL_BUILD.vcxproj", "{ABD0A732-D996-325A-BC6B-E255898022DF}"
	ProjectSection(ProjectDependencies) = postProject
		{046DB91E-E555-35C8-8675-93D0A2154C3B} = {046DB91E-E555-35C8-8675-93D0A2154C3B}
		{9C27FEAE-9938-3781-BE2C-01E6B1B6E3D8} = {9C27FEAE-9938-3781-BE2C-01E6B1B6E3D8}
		{0F0FFD58-30CA-3910-97A2-0CB1D1001988} = {0F0FFD58-30CA-3910-97A2-0CB1D1001988}
		{D00E7639-FD16-3389-AF78-69AEECD15B2E} = {D00E7639-FD16-3389-AF78-69AEECD15B2E}
		{A1074144-DBD6-3291-9FF0-A65CFCAF8C91} = {A1074144-DBD6-3291-9FF0-A65CFCAF8C91}
	EndProjectSection
EndProject
Project("{8BC9CEB8-8B4A-11D0-8D11-00A0C91BC942}") = "PNShell", "PNShell.vcxproj", "{046DB91E-E555-35C8-8675-93D0A2154C3B}"
	ProjectSection(ProjectDependencies) = postProject
		{9C27FEAE-9938-3781-BE2C-01E6B1B6E3D8} = {9C27FEAE-9938-3781-BE2C-01E6B1B6E3D8}
	EndProjectSection
EndProject
Project("{8BC9CEB8-8B4A-11D0-8D11-00A0C91BC942}") = "ZERO_CHECK", "ZERO_CHECK.vcxproj", "{9C27FEAE-9938-3781-BE2C-01E6B1B6E3D8}"
	ProjectSection(ProjectDependencies) = postProject
	EndProjectSection
EndProject
Project("{8BC9CEB8-8B4A-11D0-8D11-00A0C91BC942}") = "libarbys", "libarbys.vcxproj", "{0F0FFD58-30CA-3910-97A2-0CB1D1001988}"
	ProjectSection(ProjectDependencies) = postProject
		{9C27FEAE-9938-3781-BE2C-01E6B1B6E3D8} = {9C27FEAE-9938-3781-BE2C-01E6B1B6E3D8}
	EndProjectSection
EndProject
Project("{8BC9CEB8-8B4A-11D0-8D11-00A0C91BC942}") = "libval", "libval.vcxproj", "{D00E7639-FD16-3389-AF78-69AEECD15B2E}"
	ProjectSection(ProjectDependencies) = postProject
		{9C27FEAE-9938-3781-BE2C-01E6B1B6E3D8} = {9C27FEAE-9938-3781-BE2C-01E6B1B6E3D8}
	EndProjectSection
EndProject
Project("{8BC9CEB8-8B4A-11D0-8D11-00A0C91BC942}") = "libwv", "libwv.vcxproj", "{A1074144-DBD6-3291-9FF0-A65CFCAF8C91}"
	ProjectSection(ProjectDependencies) = postProject
		{9C27FEAE-9938-3781-BE2C-01E6B1B6E3D8} = {9C27FEAE-9938-3781-BE2C-01E6B1B6E3D8}
	EndProjectSection
EndProject
Global
	GlobalSection(SolutionConfigurationPlatforms) = preSolution
		Debug|x64 = Debug|x64
		Release|x64 = Release|x64
		MinSizeRel|x64 = MinSizeRel|x64
		RelWithDebInfo|x64 = RelWithDebInfo|x64
	EndGlobalSection
	GlobalSection(ProjectConfigurationPlatforms) = postSolution
		{ABD0A732-D996-325A-BC6B-E255898022DF}.Debug|x64.ActiveCfg = Debug|x64
		{ABD0A732-D996-325A-BC6B-E255898022DF}.Release|x64.ActiveCfg = Release|x64
		{ABD0A732-D996-325A-BC6B-E255898022DF}.MinSizeRel|x64.ActiveCfg = MinSizeRel|x64
		{ABD0A732-D996-325A-BC6B-E255898022DF}.RelWithDebInfo|x64.ActiveCfg = RelWithDebInfo|x64
		{046DB91E-E555-35C8-8675-93D0A2154C3B}.Debug|x64.ActiveCfg = Debug|x64
		{046DB91E-E555-35C8-8675-93D0A2154C3B}.Debug|x64.Build.0 = Debug|x64
		{046DB91E-E555-35C8-8675-93D0A2154C3B}.Release|x64.ActiveCfg = Release|x64
		{046DB91E-E555-35C8-8675-93D0A2154C3B}.Release|x64.Build.0 = Release|x64
		{046DB91E-E555-35C8-8675-93D0A2154C3B}.MinSizeRel|x64.ActiveCfg = MinSizeRel|x64
		{046DB91E-E555-35C8-8675-93D0A2154C3B}.MinSizeRel|x64.Build.0 = MinSizeRel|x64
		{046DB91E-E555-35C8-8675-93D0A2154C3B}.RelWithDebInfo|x64.ActiveCfg = RelWithDebInfo|x64
		{046DB91E-E555-35C8-8675-93D0A2154C3B}.RelWithDebInfo|x64.Build.0 = RelWithDebInfo|x64
		{9C27FEAE-9938-3781-BE2C-01E6B1B6E3D8}.Debug|x64.ActiveCfg = Debug|x64
		{9C27FEAE-9938-3781-BE2C-01E6B1B6E3D8}.Debug|x64.Build.0 = Debug|x64
		{9C27FEAE-9938-3781-BE2C-01E6B1B6E3D8}.Release|x64.ActiveCfg = Release|x64
		{9C27FEAE-9938-3781-BE2C-01E6B1B6E3D8}.Release|x64.Build.0 = Release|x64
		{9C27FEAE-9938-3781-BE2C-01E6B1B6E3D8}.MinSizeRel|x64.ActiveCfg = MinSizeRel|x64
		{9C27FEAE-9938-3781-BE2C-01E6B1B6E3D8}.MinSizeRel|x64.Build.0 = MinSizeRel|x64
		{9C27FEAE-9938-3781-BE2C-01E6B1B6E3D8}.RelWithDebInfo|x64.ActiveCfg = RelWithDebInfo|x64
		{9C27FEAE-9938-3781-BE2C-01E6B1B6E3D8}.RelWithDebInfo|x64.Build.0 = RelWithDebInfo|x64
		{0F0FFD58-30CA-3910-97A2-0CB1D1001988}.Debug|x64.ActiveCfg = Debug|x64
		{0F0FFD58-30CA-3910-97A2-0CB1D1001988}.Debug|x64.Build.0 = Debug|x64
		{0F0FFD58-30CA-3910-97A2-0CB1D1001988}.Release|x64.ActiveCfg = Release|x64
		{0F0FFD58-30CA-3910-97A2-0CB1D1001988}.Release|x64.Build.0 = Release|x64
		{0F0FFD58-30CA-3910-97A2-0CB1D1001988}.MinSizeRel|x64.ActiveCfg = MinSizeRel|x64
		{0F0FFD58-30CA-3910-97A2-0CB1D1001988}.MinSizeRel|x64.Build.0 = MinSizeRel|x64
		{0F0FFD58-30CA-3910-97A2-0CB1D1001988}.RelWithDebInfo|x64.ActiveCfg = RelWithDebInfo|x64
		{0F0FFD58-30CA-3910-97A2-0CB1D1001988}.RelWithDebInfo|x64.Build.0 = RelWithDebInfo|x64
		{D00E7639-FD16-3389-AF78-69AEECD15B2E}.Debug|x64.ActiveCfg = Debug|x64
		{D00E7639-FD16-3389-AF78-69AEECD15B2E}.Debug|x64.Build.0 = Debug|x64
		{D00E7639-FD16-3389-AF78-69AEECD15B2E}.Release|x64.ActiveCfg = Release|x64
		{D00E7639-FD16-3389-AF78-69AEECD15B2E}.Release|x64.Build.0 = Release|x64
		{D00E7639-FD16-3389-AF78-69AEECD15B2E}.MinSizeRel|x64.ActiveCfg = MinSizeRel|x64
		{D00E7639-FD16-3389-AF78-69AEECD15B2E}.MinSizeRel|x64.Build.0 = MinSizeRel|x64
		{D00E7639-FD16-3389-AF78-69AEECD15B2E}.RelWithDebInfo|x64.ActiveCfg = RelWithDebInfo|x64
		{D00E7639-FD16-3389-AF78-69AEECD15B2E}.RelWithDebInfo|x64.Build.0 = RelWithDebInfo|x64
		{A1074144-DBD6-3291-9FF0-A65CFCAF8C91}.Debug|x64.ActiveCfg = Debug|x64
		{A1074144-DBD6-3291-9FF0-A65CFCAF8C91}.Debug|x64.Build.0 = Debug|x64
		{A1074144-DBD6-3291-9FF0-A65CFCAF8C91}.Release|x64.ActiveCfg = Release|x64
		{A1074144-DBD6-3291-9FF0-A65CFCAF8C91}.Release|x64.Build.0 = Release|x64
		{A1074144-DBD6-3291-9FF0-A65CFCAF8C91}.MinSizeRel|x64.ActiveCfg = MinSizeRel|x64
		{A1074144-DBD6-3291-9FF0-A65CFCAF8C91}.MinSizeRel|x64.Build.0 = MinSizeRel|x64
		{A1074144-DBD6-3291-9FF0-A65CFCAF8C91}.RelWithDebInfo|x64.ActiveCfg = RelWithDebInfo|x64
		{A1074144-DBD6-3291-9FF0-A65CFCAF8C91}.RelWithDebInfo|x64.Build.0 = RelWithDebInfo|x64
	EndGlobalSection
	GlobalSection(NestedProjects) = preSolution
		{ABD0A732-D996-325A-BC6B-E255898022DF} = {CCFAB6AC-D001-3C4F-A212-19FCB20BB082}
		{9C27FEAE-9938-3781-BE2C-01E6B1B6E3D8} = {CCFAB6AC-D001-3C4F-A212-19FCB20BB082}
	EndGlobalSection
	GlobalSection(ExtensibilityGlobals) = postSolution
		SolutionGuid = {9D28E260-74EA-3127-82A2-582ADB748E47}
	EndGlobalSection
	GlobalSection(ExtensibilityAddIns) = postSolution
	EndGlobalSection
EndGlobal
