<?xml version="1.0" encoding="utf-8"?>
<Project ToolsVersion="17.0" xmlns="http://schemas.microsoft.com/developer/msbuild/2003">
  <ItemGroup>
    <CustomBuild Include="C:\Users\gabys\OneDrive\Desktop\Programacion\PNShell\release\CMakeFiles\205d6c1a9978398f5567e18b64d6dec4\generate.stamp.rule">
      <Filter>CMake Rules</Filter>
    </CustomBuild>
  </ItemGroup>
  <ItemGroup>
    <Filter Include="CMake Rules">
      <UniqueIdentifier>{1A6285B1-D7CE-3258-8E50-D15847B6157D}</UniqueIdentifier>
    </Filter>
  </ItemGroup>
</Project>
